
Microsoft Visual Studio Solution File, Format Version 12.00
# Visual Studio 14
VisualStudioVersion = 14.0.24720.0
MinimumVisualStudioVersion = 10.0.40219.1
Project("{FAE04EC0-301F-11D3-BF4B-00C04F79EFBC}") = "AdventOfCode.Day10", "AdventOfCode.Day10\AdventOfCode.Day10.csproj", "{40B35C70-367D-4A79-B0C9-C693AB989DC0}"
EndProject
Project("{FAE04EC0-301F-11D3-BF4B-00C04F79EFBC}") = "AdventOfCode.Day10.Tests", "AdventOfCode.Day10.Tests\AdventOfCode.Day10.Tests.csproj", "{1455FB99-1320-4A45-8EE3-C386626C2808}"
EndProject
Global
	GlobalSection(SolutionConfigurationPlatforms) = preSolution
		Debug|Any CPU = Debug|Any CPU
		Release|Any CPU = Release|Any CPU
	EndGlobalSection
	GlobalSection(ProjectConfigurationPlatforms) = postSolution
		{40B35C70-367D-4A79-B0C9-C693AB989DC0}.Debug|Any CPU.ActiveCfg = Debug|Any CPU
		{40B35C70-367D-4A79-B0C9-C693AB989DC0}.Debug|Any CPU.Build.0 = Debug|Any CPU
		{40B35C70-367D-4A79-B0C9-C693AB989DC0}.Release|Any CPU.ActiveCfg = Release|Any CPU
		{40B35C70-367D-4A79-B0C9-C693AB989DC0}.Release|Any CPU.Build.0 = Release|Any CPU
		{1455FB99-1320-4A45-8EE3-C386626C2808}.Debug|Any CPU.ActiveCfg = Debug|Any CPU
		{1455FB99-1320-4A45-8EE3-C386626C2808}.Debug|Any CPU.Build.0 = Debug|Any CPU
		{1455FB99-1320-4A45-8EE3-C386626C2808}.Release|Any CPU.ActiveCfg = Release|Any CPU
		{1455FB99-1320-4A45-8EE3-C386626C2808}.Release|Any CPU.Build.0 = Release|Any CPU
	EndGlobalSection
	GlobalSection(SolutionProperties) = preSolution
		HideSolutionNode = FALSE
	EndGlobalSection
EndGlobal
