Microsoft Visual Studio Solution File, Format Version 12.00
# Visual Studio Version 16
VisualStudioVersion = 16.0.29920.165
MinimumVisualStudioVersion = 10.0.40219.1
Project("{2150E333-8FDC-42A3-9474-1A3956D46DE8}") = "Solution Items", "Solution Items", "{A16BB7EB-64BE-4E3B-B1E3-6AC44D46CAAF}"
	ProjectSection(SolutionItems) = preProject
		.editorconfig = .editorconfig
		.gitattributes = .gitattributes
		.gitignore = .gitignore
		.vsconfig = .vsconfig
		AdventOfCode.ruleset = AdventOfCode.ruleset
		AdventOfCode.snk = AdventOfCode.snk
		benchmark.ps1 = benchmark.ps1
		build.ps1 = build.ps1
		CODE_OF_CONDUCT.md = CODE_OF_CONDUCT.md
		CommonAssemblyInfo.cs = CommonAssemblyInfo.cs
		Directory.Build.props = Directory.Build.props
		global.json = global.json
		LICENSE = LICENSE
		NuGet.config = NuGet.config
		README.md = README.md
		stylecop.json = stylecop.json
	EndProjectSection
EndProject
Project("{2150E333-8FDC-42A3-9474-1A3956D46DE8}") = "src", "src", "{42E4BE8A-65DC-4DCF-AF2D-4B39239FEAA3}"
EndProject
Project("{2150E333-8FDC-42A3-9474-1A3956D46DE8}") = "tests", "tests", "{BC7347DF-3D60-4150-B245-7E836674DF8C}"
EndProject
Project("{9A19103F-16F7-4668-BE54-9A1E7A4F7556}") = "AdventOfCode", "src\AdventOfCode\AdventOfCode.csproj", "{3CC1AA88-06C9-4948-98CE-565317E4D9D4}"
EndProject
Project("{9A19103F-16F7-4668-BE54-9A1E7A4F7556}") = "AdventOfCode.Tests", "tests\AdventOfCode.Tests\AdventOfCode.Tests.csproj", "{2BB833A0-9436-4F50-AE90-F31449DD03E1}"
EndProject
Project("{2150E333-8FDC-42A3-9474-1A3956D46DE8}") = ".github", ".github", "{69E6E803-EFAD-4E12-BC44-4646244E26AF}"
	ProjectSection(SolutionItems) = preProject
		.github\CONTRIBUTING.md = .github\CONTRIBUTING.md
		.github\ISSUE_TEMPLATE.md = .github\ISSUE_TEMPLATE.md
		.github\PULL_REQUEST_TEMPLATE.md = .github\PULL_REQUEST_TEMPLATE.md
		.github\stale.yml = .github\stale.yml
	EndProjectSection
EndProject
Project("{9A19103F-16F7-4668-BE54-9A1E7A4F7556}") = "AdventOfCode.Benchmarks", "tests\AdventOfCode.Benchmarks\AdventOfCode.Benchmarks.csproj", "{6F0D9802-4B4A-4450-857C-459C8AD35588}"
EndProject
Project("{2150E333-8FDC-42A3-9474-1A3956D46DE8}") = "workflows", "workflows", "{F8B9BBE9-B047-466F-8E3C-42D625F27C85}"
	ProjectSection(SolutionItems) = preProject
		.github\workflows\build.yml = .github\workflows\build.yml
	EndProjectSection
EndProject
Global
	GlobalSection(SolutionConfigurationPlatforms) = preSolution
		Debug|Any CPU = Debug|Any CPU
		Release|Any CPU = Release|Any CPU
	EndGlobalSection
	GlobalSection(ProjectConfigurationPlatforms) = postSolution
		{3CC1AA88-06C9-4948-98CE-565317E4D9D4}.Debug|Any CPU.ActiveCfg = Debug|Any CPU
		{3CC1AA88-06C9-4948-98CE-565317E4D9D4}.Debug|Any CPU.Build.0 = Debug|Any CPU
		{3CC1AA88-06C9-4948-98CE-565317E4D9D4}.Release|Any CPU.ActiveCfg = Release|Any CPU
		{3CC1AA88-06C9-4948-98CE-565317E4D9D4}.Release|Any CPU.Build.0 = Release|Any CPU
		{2BB833A0-9436-4F50-AE90-F31449DD03E1}.Debug|Any CPU.ActiveCfg = Debug|Any CPU
		{2BB833A0-9436-4F50-AE90-F31449DD03E1}.Debug|Any CPU.Build.0 = Debug|Any CPU
		{2BB833A0-9436-4F50-AE90-F31449DD03E1}.Release|Any CPU.ActiveCfg = Release|Any CPU
		{2BB833A0-9436-4F50-AE90-F31449DD03E1}.Release|Any CPU.Build.0 = Release|Any CPU
		{6F0D9802-4B4A-4450-857C-459C8AD35588}.Debug|Any CPU.ActiveCfg = Debug|Any CPU
		{6F0D9802-4B4A-4450-857C-459C8AD35588}.Debug|Any CPU.Build.0 = Debug|Any CPU
		{6F0D9802-4B4A-4450-857C-459C8AD35588}.Release|Any CPU.ActiveCfg = Release|Any CPU
		{6F0D9802-4B4A-4450-857C-459C8AD35588}.Release|Any CPU.Build.0 = Release|Any CPU
	EndGlobalSection
	GlobalSection(SolutionProperties) = preSolution
		HideSolutionNode = FALSE
	EndGlobalSection
	GlobalSection(NestedProjects) = preSolution
		{3CC1AA88-06C9-4948-98CE-565317E4D9D4} = {42E4BE8A-65DC-4DCF-AF2D-4B39239FEAA3}
		{2BB833A0-9436-4F50-AE90-F31449DD03E1} = {BC7347DF-3D60-4150-B245-7E836674DF8C}
		{69E6E803-EFAD-4E12-BC44-4646244E26AF} = {A16BB7EB-64BE-4E3B-B1E3-6AC44D46CAAF}
		{6F0D9802-4B4A-4450-857C-459C8AD35588} = {BC7347DF-3D60-4150-B245-7E836674DF8C}
		{F8B9BBE9-B047-466F-8E3C-42D625F27C85} = {69E6E803-EFAD-4E12-BC44-4646244E26AF}
	EndGlobalSection
	GlobalSection(ExtensibilityGlobals) = postSolution
		SolutionGuid = {C690654F-56C1-4E71-9835-4C5ED66BD059}
	EndGlobalSection
EndGlobal
