
Microsoft Visual Studio Solution File, Format Version 12.00
# Visual Studio 14
VisualStudioVersion = 14.0.24720.0
MinimumVisualStudioVersion = 10.0.40219.1
Project("{FAE04EC0-301F-11D3-BF4B-00C04F79EFBC}") = "AdventOfCode.Day9", "AdventOfCode.Day9\AdventOfCode.Day9.csproj", "{722C7DE7-453B-4D21-A2E1-E5E9634D344B}"
EndProject
Project("{FAE04EC0-301F-11D3-BF4B-00C04F79EFBC}") = "AdventOfCode.Day9.Tests", "AdventOfCode.Day9.Tests\AdventOfCode.Day9.Tests.csproj", "{052F1C25-7B60-4865-815A-1F8DBDE2A735}"
EndProject
Global
	GlobalSection(SolutionConfigurationPlatforms) = preSolution
		Debug|Any CPU = Debug|Any CPU
		Release|Any CPU = Release|Any CPU
	EndGlobalSection
	GlobalSection(ProjectConfigurationPlatforms) = postSolution
		{722C7DE7-453B-4D21-A2E1-E5E9634D344B}.Debug|Any CPU.ActiveCfg = Debug|Any CPU
		{722C7DE7-453B-4D21-A2E1-E5E9634D344B}.Debug|Any CPU.Build.0 = Debug|Any CPU
		{722C7DE7-453B-4D21-A2E1-E5E9634D344B}.Release|Any CPU.ActiveCfg = Release|Any CPU
		{722C7DE7-453B-4D21-A2E1-E5E9634D344B}.Release|Any CPU.Build.0 = Release|Any CPU
		{052F1C25-7B60-4865-815A-1F8DBDE2A735}.Debug|Any CPU.ActiveCfg = Debug|Any CPU
		{052F1C25-7B60-4865-815A-1F8DBDE2A735}.Debug|Any CPU.Build.0 = Debug|Any CPU
		{052F1C25-7B60-4865-815A-1F8DBDE2A735}.Release|Any CPU.ActiveCfg = Release|Any CPU
		{052F1C25-7B60-4865-815A-1F8DBDE2A735}.Release|Any CPU.Build.0 = Release|Any CPU
	EndGlobalSection
	GlobalSection(SolutionProperties) = preSolution
		HideSolutionNode = FALSE
	EndGlobalSection
EndGlobal
