
Microsoft Visual Studio Solution File, Format Version 12.00
# Visual Studio 14
VisualStudioVersion = 14.0.24720.0
MinimumVisualStudioVersion = 10.0.40219.1
Project("{FAE04EC0-301F-11D3-BF4B-00C04F79EFBC}") = "AdventOfCode2015", "AdventOfCode2015\AdventOfCode2015.csproj", "{73A5961B-1A23-4D45-9BAF-B5AC2070963E}"
EndProject
Project("{FAE04EC0-301F-11D3-BF4B-00C04F79EFBC}") = "AdventOfCode2015.Tests", "AdventOfCode2015.Tests\AdventOfCode2015.Tests.csproj", "{CE34206C-F2DF-4C97-968F-E8703EDF1825}"
EndProject
Project("{2150E333-8FDC-42A3-9474-1A3956D46DE8}") = "Solution Items", "Solution Items", "{A16BB7EB-64BE-4E3B-B1E3-6AC44D46CAAF}"
	ProjectSection(SolutionItems) = preProject
		AdventOfCode2015.Common.targets = AdventOfCode2015.Common.targets
		AdventOfCode2015.msbuild = AdventOfCode2015.msbuild
		AdventOfCode2015.ruleset = AdventOfCode2015.ruleset
		AdventOfCode2015.snk = AdventOfCode2015.snk
		AssemblyVersion.cs = AssemblyVersion.cs
		CommonAssemblyInfo.cs = CommonAssemblyInfo.cs
		FxCopDictionary.xml = FxCopDictionary.xml
	EndProjectSection
EndProject
Project("{2150E333-8FDC-42A3-9474-1A3956D46DE8}") = ".nuget", ".nuget", "{000FF08B-9D8A-496F-B230-7836B9A2E157}"
	ProjectSection(SolutionItems) = preProject
		.nuget\packages.config = .nuget\packages.config
	EndProjectSection
EndProject
Project("{2150E333-8FDC-42A3-9474-1A3956D46DE8}") = "NuGet", "NuGet", "{2CBFA229-D506-48A1-855C-91FF19F5D78E}"
	ProjectSection(SolutionItems) = preProject
		Tools\NuGet\NuGet.config = Tools\NuGet\NuGet.config
		Tools\NuGet\NuGet.exe = Tools\NuGet\NuGet.exe
	EndProjectSection
EndProject
Project("{2150E333-8FDC-42A3-9474-1A3956D46DE8}") = "StyleCop", "StyleCop", "{2F5D62BF-C12D-4802-925D-A22C144E6B5D}"
	ProjectSection(SolutionItems) = preProject
		Tools\StyleCop\stylecop.json = Tools\StyleCop\stylecop.json
		Tools\StyleCop\StyleCop.Targets = Tools\StyleCop\StyleCop.Targets
	EndProjectSection
EndProject
Global
	GlobalSection(SolutionConfigurationPlatforms) = preSolution
		Debug|Any CPU = Debug|Any CPU
		Release|Any CPU = Release|Any CPU
	EndGlobalSection
	GlobalSection(ProjectConfigurationPlatforms) = postSolution
		{73A5961B-1A23-4D45-9BAF-B5AC2070963E}.Debug|Any CPU.ActiveCfg = Debug|Any CPU
		{73A5961B-1A23-4D45-9BAF-B5AC2070963E}.Debug|Any CPU.Build.0 = Debug|Any CPU
		{73A5961B-1A23-4D45-9BAF-B5AC2070963E}.Release|Any CPU.ActiveCfg = Release|Any CPU
		{73A5961B-1A23-4D45-9BAF-B5AC2070963E}.Release|Any CPU.Build.0 = Release|Any CPU
		{CE34206C-F2DF-4C97-968F-E8703EDF1825}.Debug|Any CPU.ActiveCfg = Debug|Any CPU
		{CE34206C-F2DF-4C97-968F-E8703EDF1825}.Debug|Any CPU.Build.0 = Debug|Any CPU
		{CE34206C-F2DF-4C97-968F-E8703EDF1825}.Release|Any CPU.ActiveCfg = Release|Any CPU
		{CE34206C-F2DF-4C97-968F-E8703EDF1825}.Release|Any CPU.Build.0 = Release|Any CPU
	EndGlobalSection
	GlobalSection(SolutionProperties) = preSolution
		HideSolutionNode = FALSE
	EndGlobalSection
	GlobalSection(NestedProjects) = preSolution
		{000FF08B-9D8A-496F-B230-7836B9A2E157} = {A16BB7EB-64BE-4E3B-B1E3-6AC44D46CAAF}
		{2CBFA229-D506-48A1-855C-91FF19F5D78E} = {A16BB7EB-64BE-4E3B-B1E3-6AC44D46CAAF}
		{2F5D62BF-C12D-4802-925D-A22C144E6B5D} = {A16BB7EB-64BE-4E3B-B1E3-6AC44D46CAAF}
	EndGlobalSection
EndGlobal
