
Microsoft Visual Studio Solution File, Format Version 12.00
# Visual Studio 14
VisualStudioVersion = 14.0.24720.0
MinimumVisualStudioVersion = 10.0.40219.1
Project("{FAE04EC0-301F-11D3-BF4B-00C04F79EFBC}") = "AdventOfCode.Day7", "AdventOfCode.Day7\AdventOfCode.Day7.csproj", "{75C64328-13A0-4103-ABA9-2FF6990E27D4}"
EndProject
Project("{FAE04EC0-301F-11D3-BF4B-00C04F79EFBC}") = "AdventOfCode.Day7.Tests", "AdventOfCode.Day7.Tests\AdventOfCode.Day7.Tests.csproj", "{C052CEEE-8798-43CB-B295-B034FAAD53C5}"
EndProject
Global
	GlobalSection(SolutionConfigurationPlatforms) = preSolution
		Debug|Any CPU = Debug|Any CPU
		Release|Any CPU = Release|Any CPU
	EndGlobalSection
	GlobalSection(ProjectConfigurationPlatforms) = postSolution
		{75C64328-13A0-4103-ABA9-2FF6990E27D4}.Debug|Any CPU.ActiveCfg = Debug|Any CPU
		{75C64328-13A0-4103-ABA9-2FF6990E27D4}.Debug|Any CPU.Build.0 = Debug|Any CPU
		{75C64328-13A0-4103-ABA9-2FF6990E27D4}.Release|Any CPU.ActiveCfg = Release|Any CPU
		{75C64328-13A0-4103-ABA9-2FF6990E27D4}.Release|Any CPU.Build.0 = Release|Any CPU
		{C052CEEE-8798-43CB-B295-B034FAAD53C5}.Debug|Any CPU.ActiveCfg = Debug|Any CPU
		{C052CEEE-8798-43CB-B295-B034FAAD53C5}.Debug|Any CPU.Build.0 = Debug|Any CPU
		{C052CEEE-8798-43CB-B295-B034FAAD53C5}.Release|Any CPU.ActiveCfg = Release|Any CPU
		{C052CEEE-8798-43CB-B295-B034FAAD53C5}.Release|Any CPU.Build.0 = Release|Any CPU
	EndGlobalSection
	GlobalSection(SolutionProperties) = preSolution
		HideSolutionNode = FALSE
	EndGlobalSection
EndGlobal
